<?xml version="1.0" encoding="utf-8"?>
<Project ToolsVersion="4.0" xmlns="http://schemas.microsoft.com/developer/msbuild/2003">
  <ItemGroup>
    <Filter Include="Source Files">
      <UniqueIdentifier>{4FC737F1-C7A5-4376-A066-2A32D752A2FF}</UniqueIdentifier>
      <Extensions>cpp;c;cc;cxx;def;odl;idl;hpj;bat;asm;asmx</Extensions>
    </Filter>
    <Filter Include="Header Files">
      <UniqueIdentifier>{93995380-89BD-4b04-88EB-625FBE52EBFB}</UniqueIdentifier>
      <Extensions>h;hpp;hxx;hm;inl;inc;xsd</Extensions>
    </Filter>
    <Filter Include="Resource Files">
      <UniqueIdentifier>{67DA6AB6-F800-4c08-8B7A-83BB121AAD01}</UniqueIdentifier>
      <Extensions>rc;ico;cur;bmp;dlg;rc2;rct;bin;rgs;gif;jpg;jpeg;jpe;resx;tiff;tif;png;wav;mfcribbon-ms</Extensions>
    </Filter>
    <Filter Include="zlib">
      <UniqueIdentifier>{1416a25c-ea65-4b2e-ac9a-73bc40f7e753}</UniqueIdentifier>
    </Filter>
    <Filter Include="cppNBT">
      <UniqueIdentifier>{0af6d890-ef87-47ff-a9ed-13d1d5a2aa6b}</UniqueIdentifier>
    </Filter>
  </ItemGroup>
  <ItemGroup>
    <ClCompile Include="main.cpp">
      <Filter>Source Files</Filter>
    </ClCompile>
    <ClCompile Include="cppNBT\src\nbtfile.cc">
      <Filter>cppNBT</Filter>
    </ClCompile>
    <ClCompile Include="cppNBT\src\tag.cc">
      <Filter>cppNBT</Filter>
    </ClCompile>
    <ClCompile Include="cppNBT\src\tag_byte.cc">
      <Filter>cppNBT</Filter>
    </ClCompile>
    <ClCompile Include="cppNBT\src\tag_byte_array.cc">
      <Filter>cppNBT</Filter>
    </ClCompile>
    <ClCompile Include="cppNBT\src\tag_compound.cc">
      <Filter>cppNBT</Filter>
    </ClCompile>
    <ClCompile Include="cppNBT\src\tag_double.cc">
      <Filter>cppNBT</Filter>
    </ClCompile>
    <ClCompile Include="cppNBT\src\tag_end.cc">
      <Filter>cppNBT</Filter>
    </ClCompile>
    <ClCompile Include="cppNBT\src\tag_float.cc">
      <Filter>cppNBT</Filter>
    </ClCompile>
    <ClCompile Include="cppNBT\src\tag_int.cc">
      <Filter>cppNBT</Filter>
    </ClCompile>
    <ClCompile Include="cppNBT\src\tag_list.cc">
      <Filter>cppNBT</Filter>
    </ClCompile>
    <ClCompile Include="cppNBT\src\tag_long.cc">
      <Filter>cppNBT</Filter>
    </ClCompile>
    <ClCompile Include="cppNBT\src\tag_short.cc">
      <Filter>cppNBT</Filter>
    </ClCompile>
    <ClCompile Include="cppNBT\src\tag_string.cc">
      <Filter>cppNBT</Filter>
    </ClCompile>
    <ClCompile Include="cppNBT\src\util.cc">
      <Filter>cppNBT</Filter>
    </ClCompile>
  </ItemGroup>
  <ItemGroup>
    <Library Include="zdll.lib">
      <Filter>zlib</Filter>
    </Library>
  </ItemGroup>
  <ItemGroup>
    <ClInclude Include="cppNBT\src\cppnbt.h">
      <Filter>cppNBT</Filter>
    </ClInclude>
  </ItemGroup>
</Project>