<?xml version="1.0" encoding="utf-8"?>
<Project ToolsVersion="4.0" xmlns="http://schemas.microsoft.com/developer/msbuild/2003">
  <ItemGroup>
    <Filter Include="Resource Files">
      <UniqueIdentifier>{67DA6AB6-F800-4c08-8B7A-83BB121AAD01}</UniqueIdentifier>
      <Extensions>rc;ico;cur;bmp;dlg;rc2;rct;bin;rgs;gif;jpg;jpeg;jpe;resx;tiff;tif;png;wav;mfcribbon-ms</Extensions>
    </Filter>
    <Filter Include="cppNBT">
      <UniqueIdentifier>{2944aa5d-b262-40af-bee0-d835e3f59009}</UniqueIdentifier>
    </Filter>
    <Filter Include="minecraft">
      <UniqueIdentifier>{6ad95f99-ee59-4986-a7cc-b1be87437d3b}</UniqueIdentifier>
    </Filter>
    <Filter Include="Source">
      <UniqueIdentifier>{ae2dbe95-fdfb-4591-ac33-eab4431b345a}</UniqueIdentifier>
    </Filter>
  </ItemGroup>
  <ItemGroup>
    <ClCompile Include="main.cpp">
      <Filter>Source</Filter>
    </ClCompile>
    <ClCompile Include="cppNBT\src\nbtbuffer.cc">
      <Filter>cppNBT</Filter>
    </ClCompile>
    <ClCompile Include="cppNBT\src\nbtfile.cc">
      <Filter>cppNBT</Filter>
    </ClCompile>
    <ClCompile Include="cppNBT\src\tag.cc">
      <Filter>cppNBT</Filter>
    </ClCompile>
    <ClCompile Include="cppNBT\src\tag_byte.cc">
      <Filter>cppNBT</Filter>
    </ClCompile>
    <ClCompile Include="cppNBT\src\tag_byte_array.cc">
      <Filter>cppNBT</Filter>
    </ClCompile>
    <ClCompile Include="cppNBT\src\tag_compound.cc">
      <Filter>cppNBT</Filter>
    </ClCompile>
    <ClCompile Include="cppNBT\src\tag_double.cc">
      <Filter>cppNBT</Filter>
    </ClCompile>
    <ClCompile Include="cppNBT\src\tag_end.cc">
      <Filter>cppNBT</Filter>
    </ClCompile>
    <ClCompile Include="cppNBT\src\tag_float.cc">
      <Filter>cppNBT</Filter>
    </ClCompile>
    <ClCompile Include="cppNBT\src\tag_int.cc">
      <Filter>cppNBT</Filter>
    </ClCompile>
    <ClCompile Include="cppNBT\src\tag_int_array.cc">
      <Filter>cppNBT</Filter>
    </ClCompile>
    <ClCompile Include="cppNBT\src\tag_list.cc">
      <Filter>cppNBT</Filter>
    </ClCompile>
    <ClCompile Include="cppNBT\src\tag_long.cc">
      <Filter>cppNBT</Filter>
    </ClCompile>
    <ClCompile Include="cppNBT\src\tag_short.cc">
      <Filter>cppNBT</Filter>
    </ClCompile>
    <ClCompile Include="cppNBT\src\tag_string.cc">
      <Filter>cppNBT</Filter>
    </ClCompile>
    <ClCompile Include="cppNBT\src\util.cc">
      <Filter>cppNBT</Filter>
    </ClCompile>
    <ClCompile Include="Chunk.cpp">
      <Filter>minecraft</Filter>
    </ClCompile>
    <ClCompile Include="Region.cpp">
      <Filter>minecraft</Filter>
    </ClCompile>
  </ItemGroup>
  <ItemGroup>
    <ClInclude Include="minecraft_def.h">
      <Filter>minecraft</Filter>
    </ClInclude>
    <ClInclude Include="cppNBT\src\cppnbt.h">
      <Filter>cppNBT</Filter>
    </ClInclude>
    <ClInclude Include="Chunk.h">
      <Filter>minecraft</Filter>
    </ClInclude>
    <ClInclude Include="Region.h">
      <Filter>minecraft</Filter>
    </ClInclude>
  </ItemGroup>
</Project>